{
  "object": {
    "pins": [
      {
        "package": "Facebook",
        "repositoryURL": "https://github.com/facebook/facebook-ios-sdk",
        "state": {
          "branch": null,
          "revision": "a3ef4451928249e18bb3ae5b7cb906134ed63b26",
          "version": "7.1.1"
        }
      },
      {
        "package": "IBPCollectionViewCompositionalLayout",
        "repositoryURL": "https://github.com/kishikawakatsumi/IBPCollectionViewCompositionalLayout",
        "state": {
          "branch": null,
          "revision": "ce7156f0a8f087d92feb23577f9ce1bf10090a29",
          "version": "0.6.7"
        }
      },
      {
        "package": "InjectableLoggers",
        "repositoryURL": "https://github.com/lvnkmn/InjectableLoggers",
        "state": {
          "branch": null,
          "revision": "932bb5c96f79ba76a37fe0cb7df5b9163501daee",
          "version": "2.1.3"
        }
      },
      {
        "package": "Nimble",
        "repositoryURL": "https://github.com/Quick/Nimble",
        "state": {
          "branch": null,
          "revision": "7a46a5fc86cb917f69e3daf79fcb045283d8f008",
          "version": "8.1.2"
        }
      },
      {
        "package": "PryntTrimmerView",
        "repositoryURL": "https://github.com/HHK1/PryntTrimmerView",
        "state": {
          "branch": null,
          "revision": "ac1b60a22c7e6a6514de7a66d2f3d5b537c956d5",
          "version": "4.0.2"
        }
      },
      {
        "package": "Quick",
        "repositoryURL": "https://github.com/Quick/Quick",
        "state": {
          "branch": null,
          "revision": "09b3becb37cb2163919a3842a4c5fa6ec7130792",
          "version": "2.2.1"
        }
      },
      {
        "package": "Shuffle",
        "repositoryURL": "https://github.com/mac-gallagher/Shuffle.git",
        "state": {
          "branch": null,
          "revision": "950249483cc3f50a6b3a858ae4c074ebe85736eb",
          "version": "0.4.0"
        }
      },
      {
        "package": "Stevia",
        "repositoryURL": "https://github.com/freshOS/Stevia",
        "state": {
          "branch": null,
          "revision": "e1e8dc40deab3a863a35a7a0aab10f7304f4b42a",
          "version": "5.1.0"
        }
      },
      {
        "package": "TOCropViewController",
        "repositoryURL": "https://github.com/TimOliver/TOCropViewController",
        "state": {
          "branch": null,
          "revision": "058e08ae7b70f84b2422465cb9c736b2ae56a6bc",
          "version": "2.5.4"
        }
      },
      {
        "package": "YPImagePicker",
        "repositoryURL": "https://github.com/Yummypets/YPImagePicker",
        "state": {
          "branch": "spm",
          "revision": "2cf2d150bb0861f2079bc44b56c17aabf5e5d5aa",
          "version": null
        }
      },
      {
        "package": "Zoomy",
        "repositoryURL": "https://github.com/lvnkmn/Zoomy",
        "state": {
          "branch": null,
          "revision": "c64a52e86ece9f952ed3fcda741254d53cb44924",
          "version": "4.0.1"
        }
      }
    ]
  },
  "version": 1
}
