{
  "object": {
    "pins": [
      {
        "package": "Facebook",
        "repositoryURL": "https://github.com/facebook/facebook-ios-sdk",
        "state": {
          "branch": null,
          "revision": "a3ef4451928249e18bb3ae5b7cb906134ed63b26",
          "version": "7.1.1"
        }
      },
      {
        "package": "IBPCollectionViewCompositionalLayout",
        "repositoryURL": "https://github.com/kishikawakatsumi/IBPCollectionViewCompositionalLayout",
        "state": {
          "branch": null,
          "revision": "ce7156f0a8f087d92feb23577f9ce1bf10090a29",
          "version": "0.6.7"
        }
      },
      {
        "package": "Nimble",
        "repositoryURL": "https://github.com/Quick/Nimble",
        "state": {
          "branch": null,
          "revision": "7a46a5fc86cb917f69e3daf79fcb045283d8f008",
          "version": "8.1.2"
        }
      },
      {
        "package": "Quick",
        "repositoryURL": "https://github.com/Quick/Quick",
        "state": {
          "branch": null,
          "revision": "09b3becb37cb2163919a3842a4c5fa6ec7130792",
          "version": "2.2.1"
        }
      },
      {
        "package": "Shuffle",
        "repositoryURL": "https://github.com/mac-gallagher/Shuffle.git",
        "state": {
          "branch": null,
          "revision": "950249483cc3f50a6b3a858ae4c074ebe85736eb",
          "version": "0.4.0"
        }
      },
      {
        "package": "TOCropViewController",
        "repositoryURL": "https://github.com/TimOliver/TOCropViewController",
        "state": {
          "branch": null,
          "revision": "058e08ae7b70f84b2422465cb9c736b2ae56a6bc",
          "version": "2.5.4"
        }
      }
    ]
  },
  "version": 1
}
